
Microsoft Visual Studio Solution File, Format Version 12.00
# Visual Studio Version 17
VisualStudioVersion = 17.1.32228.430
MinimumVisualStudioVersion = 10.0.40219.1
Project("{FAE04EC0-301F-11D3-BF4B-00C04F79EFBC}") = "WpfApp1", "WpfApp1\WpfApp1.csproj", "{B135DBF6-76A7-470C-81C3-937C67953890}"
EndProject
Global
	GlobalSection(SolutionConfigurationPlatforms) = preSolution
		Debug|Any CPU = Debug|Any CPU
		Release|Any CPU = Release|Any CPU
	EndGlobalSection
	GlobalSection(ProjectConfigurationPlatforms) = postSolution
		{B135DBF6-76A7-470C-81C3-937C67953890}.Debug|Any CPU.ActiveCfg = Debug|Any CPU
		{B135DBF6-76A7-470C-81C3-937C67953890}.Debug|Any CPU.Build.0 = Debug|Any CPU
		{B135DBF6-76A7-470C-81C3-937C67953890}.Release|Any CPU.ActiveCfg = Release|Any CPU
		{B135DBF6-76A7-470C-81C3-937C67953890}.Release|Any CPU.Build.0 = Release|Any CPU
	EndGlobalSection
	GlobalSection(SolutionProperties) = preSolution
		HideSolutionNode = FALSE
	EndGlobalSection
	GlobalSection(ExtensibilityGlobals) = postSolution
		SolutionGuid = {A7A2D376-2AEB-4E35-A84D-D83CB261882B}
	EndGlobalSection
EndGlobal
